// !$*UTF8*$!
{
	archiveVersion = 1;
	classes = {
	};
	objectVersion = 46;
	objects = {

/* Begin PBXBuildFile section */
		867D668A1DD8040D002CAADD /* AppDelegate.swift in Sources */ = {isa = PBXBuildFile; fileRef = 867D66891DD8040D002CAADD /* AppDelegate.swift */; };
		867D668F1DD8040E002CAADD /* Main.storyboard in Resources */ = {isa = PBXBuildFile; fileRef = 867D668D1DD8040E002CAADD /* Main.storyboard */; };
		867D66921DD8040E002CAADD /* Touch.xcdatamodeld in Sources */ = {isa = PBXBuildFile; fileRef = 867D66901DD8040E002CAADD /* Touch.xcdatamodeld */; };
		867D66941DD8040E002CAADD /* Assets.xcassets in Resources */ = {isa = PBXBuildFile; fileRef = 867D66931DD8040E002CAADD /* Assets.xcassets */; };
		867D66971DD8040E002CAADD /* LaunchScreen.storyboard in Resources */ = {isa = PBXBuildFile; fileRef = 867D66951DD8040E002CAADD /* LaunchScreen.storyboard */; };
		867D66A21DD8040E002CAADD /* TouchTests.swift in Sources */ = {isa = PBXBuildFile; fileRef = 867D66A11DD8040E002CAADD /* TouchTests.swift */; };
		867D66AF1DD80519002CAADD /* KeychainWrapper.m in Sources */ = {isa = PBXBuildFile; fileRef = 867D66AE1DD80519002CAADD /* KeychainWrapper.m */; };
		867D66B11DD8061F002CAADD /* LoginViewController.swift in Sources */ = {isa = PBXBuildFile; fileRef = 867D66B01DD8061F002CAADD /* LoginViewController.swift */; };
		867D66B51DD808D7002CAADD /* ViewController.swift in Sources */ = {isa = PBXBuildFile; fileRef = 867D66B41DD808D7002CAADD /* ViewController.swift */; };
/* End PBXBuildFile section */

/* Begin PBXContainerItemProxy section */
		867D669E1DD8040E002CAADD /* PBXContainerItemProxy */ = {
			isa = PBXContainerItemProxy;
			containerPortal = 867D667E1DD8040D002CAADD /* Project object */;
			proxyType = 1;
			remoteGlobalIDString = 867D66851DD8040D002CAADD;
			remoteInfo = Touch;
		};
/* End PBXContainerItemProxy section */

/* Begin PBXFileReference section */
		867D66861DD8040D002CAADD /* Touch.app */ = {isa = PBXFileReference; explicitFileType = wrapper.application; includeInIndex = 0; path = Touch.app; sourceTree = BUILT_PRODUCTS_DIR; };
		867D66891DD8040D002CAADD /* AppDelegate.swift */ = {isa = PBXFileReference; lastKnownFileType = sourcecode.swift; path = AppDelegate.swift; sourceTree = "<group>"; };
		867D668E1DD8040E002CAADD /* Base */ = {isa = PBXFileReference; lastKnownFileType = file.storyboard; name = Base; path = Base.lproj/Main.storyboard; sourceTree = "<group>"; };
		867D66911DD8040E002CAADD /* Touch.xcdatamodel */ = {isa = PBXFileReference; lastKnownFileType = wrapper.xcdatamodel; path = Touch.xcdatamodel; sourceTree = "<group>"; };
		867D66931DD8040E002CAADD /* Assets.xcassets */ = {isa = PBXFileReference; lastKnownFileType = folder.assetcatalog; path = Assets.xcassets; sourceTree = "<group>"; };
		867D66961DD8040E002CAADD /* Base */ = {isa = PBXFileReference; lastKnownFileType = file.storyboard; name = Base; path = Base.lproj/LaunchScreen.storyboard; sourceTree = "<group>"; };
		867D66981DD8040E002CAADD /* Info.plist */ = {isa = PBXFileReference; lastKnownFileType = text.plist.xml; path = Info.plist; sourceTree = "<group>"; };
		867D669D1DD8040E002CAADD /* TouchTests.xctest */ = {isa = PBXFileReference; explicitFileType = wrapper.cfbundle; includeInIndex = 0; path = TouchTests.xctest; sourceTree = BUILT_PRODUCTS_DIR; };
		867D66A11DD8040E002CAADD /* TouchTests.swift */ = {isa = PBXFileReference; lastKnownFileType = sourcecode.swift; path = TouchTests.swift; sourceTree = "<group>"; };
		867D66A31DD8040E002CAADD /* Info.plist */ = {isa = PBXFileReference; lastKnownFileType = text.plist.xml; path = Info.plist; sourceTree = "<group>"; };
		867D66AC1DD80518002CAADD /* Touch-Bridging-Header.h */ = {isa = PBXFileReference; lastKnownFileType = sourcecode.c.h; path = "Touch-Bridging-Header.h"; sourceTree = "<group>"; };
		867D66AD1DD80519002CAADD /* KeychainWrapper.h */ = {isa = PBXFileReference; fileEncoding = 4; lastKnownFileType = sourcecode.c.h; path = KeychainWrapper.h; sourceTree = "<group>"; };
		867D66AE1DD80519002CAADD /* KeychainWrapper.m */ = {isa = PBXFileReference; fileEncoding = 4; lastKnownFileType = sourcecode.c.objc; path = KeychainWrapper.m; sourceTree = "<group>"; };
		867D66B01DD8061F002CAADD /* LoginViewController.swift */ = {isa = PBXFileReference; fileEncoding = 4; lastKnownFileType = sourcecode.swift; path = LoginViewController.swift; sourceTree = "<group>"; };
		867D66B41DD808D7002CAADD /* ViewController.swift */ = {isa = PBXFileReference; fileEncoding = 4; lastKnownFileType = sourcecode.swift; path = ViewController.swift; sourceTree = "<group>"; };
		867D66B61DD90234002CAADD /* Touch.entitlements */ = {isa = PBXFileReference; lastKnownFileType = text.plist.entitlements; path = Touch.entitlements; sourceTree = "<group>"; };
/* End PBXFileReference section */

/* Begin PBXFrameworksBuildPhase section */
		867D66831DD8040D002CAADD /* Frameworks */ = {
			isa = PBXFrameworksBuildPhase;
			buildActionMask = 2147483647;
			files = (
			);
			runOnlyForDeploymentPostprocessing = 0;
		};
		867D669A1DD8040E002CAADD /* Frameworks */ = {
			isa = PBXFrameworksBuildPhase;
			buildActionMask = 2147483647;
			files = (
			);
			runOnlyForDeploymentPostprocessing = 0;
		};
/* End PBXFrameworksBuildPhase section */

/* Begin PBXGroup section */
		867D667D1DD8040D002CAADD = {
			isa = PBXGroup;
			children = (
				867D66881DD8040D002CAADD /* Touch */,
				867D66A01DD8040E002CAADD /* TouchTests */,
				867D66871DD8040D002CAADD /* Products */,
			);
			sourceTree = "<group>";
		};
		867D66871DD8040D002CAADD /* Products */ = {
			isa = PBXGroup;
			children = (
				867D66861DD8040D002CAADD /* Touch.app */,
				867D669D1DD8040E002CAADD /* TouchTests.xctest */,
			);
			name = Products;
			sourceTree = "<group>";
		};
		867D66881DD8040D002CAADD /* Touch */ = {
			isa = PBXGroup;
			children = (
				867D66B61DD90234002CAADD /* Touch.entitlements */,
				867D66B01DD8061F002CAADD /* LoginViewController.swift */,
				867D66AD1DD80519002CAADD /* KeychainWrapper.h */,
				867D66AE1DD80519002CAADD /* KeychainWrapper.m */,
				867D66891DD8040D002CAADD /* AppDelegate.swift */,
				867D668D1DD8040E002CAADD /* Main.storyboard */,
				867D66B41DD808D7002CAADD /* ViewController.swift */,
				867D66931DD8040E002CAADD /* Assets.xcassets */,
				867D66951DD8040E002CAADD /* LaunchScreen.storyboard */,
				867D66981DD8040E002CAADD /* Info.plist */,
				867D66901DD8040E002CAADD /* Touch.xcdatamodeld */,
				867D66AC1DD80518002CAADD /* Touch-Bridging-Header.h */,
			);
			path = Touch;
			sourceTree = "<group>";
		};
		867D66A01DD8040E002CAADD /* TouchTests */ = {
			isa = PBXGroup;
			children = (
				867D66A11DD8040E002CAADD /* TouchTests.swift */,
				867D66A31DD8040E002CAADD /* Info.plist */,
			);
			path = TouchTests;
			sourceTree = "<group>";
		};
/* End PBXGroup section */

/* Begin PBXNativeTarget section */
		867D66851DD8040D002CAADD /* Touch */ = {
			isa = PBXNativeTarget;
			buildConfigurationList = 867D66A61DD8040E002CAADD /* Build configuration list for PBXNativeTarget "Touch" */;
			buildPhases = (
				867D66821DD8040D002CAADD /* Sources */,
				867D66831DD8040D002CAADD /* Frameworks */,
				867D66841DD8040D002CAADD /* Resources */,
			);
			buildRules = (
			);
			dependencies = (
			);
			name = Touch;
			productName = Touch;
			productReference = 867D66861DD8040D002CAADD /* Touch.app */;
			productType = "com.apple.product-type.application";
		};
		867D669C1DD8040E002CAADD /* TouchTests */ = {
			isa = PBXNativeTarget;
			buildConfigurationList = 867D66A91DD8040E002CAADD /* Build configuration list for PBXNativeTarget "TouchTests" */;
			buildPhases = (
				867D66991DD8040E002CAADD /* Sources */,
				867D669A1DD8040E002CAADD /* Frameworks */,
				867D669B1DD8040E002CAADD /* Resources */,
			);
			buildRules = (
			);
			dependencies = (
				867D669F1DD8040E002CAADD /* PBXTargetDependency */,
			);
			name = TouchTests;
			productName = TouchTests;
			productReference = 867D669D1DD8040E002CAADD /* TouchTests.xctest */;
			productType = "com.apple.product-type.bundle.unit-test";
		};
/* End PBXNativeTarget section */

/* Begin PBXProject section */
		867D667E1DD8040D002CAADD /* Project object */ = {
			isa = PBXProject;
			attributes = {
				LastSwiftUpdateCheck = 0810;
				LastUpgradeCheck = 0810;
				ORGANIZATIONNAME = "Terry Johnson";
				TargetAttributes = {
					867D66851DD8040D002CAADD = {
						CreatedOnToolsVersion = 8.1;
						DevelopmentTeam = 93DR883D7K;
						LastSwiftMigration = 0810;
						ProvisioningStyle = Automatic;
						SystemCapabilities = {
							com.apple.Keychain = {
								enabled = 1;
							};
						};
					};
					867D669C1DD8040E002CAADD = {
						CreatedOnToolsVersion = 8.1;
						DevelopmentTeam = 93DR883D7K;
						ProvisioningStyle = Automatic;
						TestTargetID = 867D66851DD8040D002CAADD;
					};
				};
			};
			buildConfigurationList = 867D66811DD8040D002CAADD /* Build configuration list for PBXProject "Touch" */;
			compatibilityVersion = "Xcode 3.2";
			developmentRegion = English;
			hasScannedForEncodings = 0;
			knownRegions = (
				en,
				Base,
			);
			mainGroup = 867D667D1DD8040D002CAADD;
			productRefGroup = 867D66871DD8040D002CAADD /* Products */;
			projectDirPath = "";
			projectRoot = "";
			targets = (
				867D66851DD8040D002CAADD /* Touch */,
				867D669C1DD8040E002CAADD /* TouchTests */,
			);
		};
/* End PBXProject section */

/* Begin PBXResourcesBuildPhase section */
		867D66841DD8040D002CAADD /* Resources */ = {
			isa = PBXResourcesBuildPhase;
			buildActionMask = 2147483647;
			files = (
				867D66971DD8040E002CAADD /* LaunchScreen.storyboard in Resources */,
				867D66941DD8040E002CAADD /* Assets.xcassets in Resources */,
				867D668F1DD8040E002CAADD /* Main.storyboard in Resources */,
			);
			runOnlyForDeploymentPostprocessing = 0;
		};
		867D669B1DD8040E002CAADD /* Resources */ = {
			isa = PBXResourcesBuildPhase;
			buildActionMask = 2147483647;
			files = (
			);
			runOnlyForDeploymentPostprocessing = 0;
		};
/* End PBXResourcesBuildPhase section */

/* Begin PBXSourcesBuildPhase section */
		867D66821DD8040D002CAADD /* Sources */ = {
			isa = PBXSourcesBuildPhase;
			buildActionMask = 2147483647;
			files = (
				867D66B51DD808D7002CAADD /* ViewController.swift in Sources */,
				867D66921DD8040E002CAADD /* Touch.xcdatamodeld in Sources */,
				867D66AF1DD80519002CAADD /* KeychainWrapper.m in Sources */,
				867D66B11DD8061F002CAADD /* LoginViewController.swift in Sources */,
				867D668A1DD8040D002CAADD /* AppDelegate.swift in Sources */,
			);
			runOnlyForDeploymentPostprocessing = 0;
		};
		867D66991DD8040E002CAADD /* Sources */ = {
			isa = PBXSourcesBuildPhase;
			buildActionMask = 2147483647;
			files = (
				867D66A21DD8040E002CAADD /* TouchTests.swift in Sources */,
			);
			runOnlyForDeploymentPostprocessing = 0;
		};
/* End PBXSourcesBuildPhase section */

/* Begin PBXTargetDependency section */
		867D669F1DD8040E002CAADD /* PBXTargetDependency */ = {
			isa = PBXTargetDependency;
			target = 867D66851DD8040D002CAADD /* Touch */;
			targetProxy = 867D669E1DD8040E002CAADD /* PBXContainerItemProxy */;
		};
/* End PBXTargetDependency section */

/* Begin PBXVariantGroup section */
		867D668D1DD8040E002CAADD /* Main.storyboard */ = {
			isa = PBXVariantGroup;
			children = (
				867D668E1DD8040E002CAADD /* Base */,
			);
			name = Main.storyboard;
			sourceTree = "<group>";
		};
		867D66951DD8040E002CAADD /* LaunchScreen.storyboard */ = {
			isa = PBXVariantGroup;
			children = (
				867D66961DD8040E002CAADD /* Base */,
			);
			name = LaunchScreen.storyboard;
			sourceTree = "<group>";
		};
/* End PBXVariantGroup section */

/* Begin XCBuildConfiguration section */
		867D66A41DD8040E002CAADD /* Debug */ = {
			isa = XCBuildConfiguration;
			buildSettings = {
				ALWAYS_SEARCH_USER_PATHS = NO;
				CLANG_ANALYZER_NONNULL = YES;
				CLANG_CXX_LANGUAGE_STANDARD = "gnu++0x";
				CLANG_CXX_LIBRARY = "libc++";
				CLANG_ENABLE_MODULES = YES;
				CLANG_ENABLE_OBJC_ARC = YES;
				CLANG_WARN_BOOL_CONVERSION = YES;
				CLANG_WARN_CONSTANT_CONVERSION = YES;
				CLANG_WARN_DIRECT_OBJC_ISA_USAGE = YES_ERROR;
				CLANG_WARN_DOCUMENTATION_COMMENTS = YES;
				CLANG_WARN_EMPTY_BODY = YES;
				CLANG_WARN_ENUM_CONVERSION = YES;
				CLANG_WARN_INFINITE_RECURSION = YES;
				CLANG_WARN_INT_CONVERSION = YES;
				CLANG_WARN_OBJC_ROOT_CLASS = YES_ERROR;
				CLANG_WARN_SUSPICIOUS_MOVES = YES;
				CLANG_WARN_UNREACHABLE_CODE = YES;
				CLANG_WARN__DUPLICATE_METHOD_MATCH = YES;
				"CODE_SIGN_IDENTITY[sdk=iphoneos*]" = "iPhone Developer";
				COPY_PHASE_STRIP = NO;
				DEBUG_INFORMATION_FORMAT = dwarf;
				ENABLE_STRICT_OBJC_MSGSEND = YES;
				ENABLE_TESTABILITY = YES;
				GCC_C_LANGUAGE_STANDARD = gnu99;
				GCC_DYNAMIC_NO_PIC = NO;
				GCC_NO_COMMON_BLOCKS = YES;
				GCC_OPTIMIZATION_LEVEL = 0;
				GCC_PREPROCESSOR_DEFINITIONS = (
					"DEBUG=1",
					"$(inherited)",
				);
				GCC_WARN_64_TO_32_BIT_CONVERSION = YES;
				GCC_WARN_ABOUT_RETURN_TYPE = YES_ERROR;
				GCC_WARN_UNDECLARED_SELECTOR = YES;
				GCC_WARN_UNINITIALIZED_AUTOS = YES_AGGRESSIVE;
				GCC_WARN_UNUSED_FUNCTION = YES;
				GCC_WARN_UNUSED_VARIABLE = YES;
				IPHONEOS_DEPLOYMENT_TARGET = 10.1;
				MTL_ENABLE_DEBUG_INFO = YES;
				ONLY_ACTIVE_ARCH = YES;
				SDKROOT = iphoneos;
				SWIFT_ACTIVE_COMPILATION_CONDITIONS = DEBUG;
				SWIFT_OPTIMIZATION_LEVEL = "-Onone";
				TARGETED_DEVICE_FAMILY = "1,2";
			};
			name = Debug;
		};
		867D66A51DD8040E002CAADD /* Release */ = {
			isa = XCBuildConfiguration;
			buildSettings = {
				ALWAYS_SEARCH_USER_PATHS = NO;
				CLANG_ANALYZER_NONNULL = YES;
				CLANG_CXX_LANGUAGE_STANDARD = "gnu++0x";
				CLANG_CXX_LIBRARY = "libc++";
				CLANG_ENABLE_MODULES = YES;
				CLANG_ENABLE_OBJC_ARC = YES;
				CLANG_WARN_BOOL_CONVERSION = YES;
				CLANG_WARN_CONSTANT_CONVERSION = YES;
				CLANG_WARN_DIRECT_OBJC_ISA_USAGE = YES_ERROR;
				CLANG_WARN_DOCUMENTATION_COMMENTS = YES;
				CLANG_WARN_EMPTY_BODY = YES;
				CLANG_WARN_ENUM_CONVERSION = YES;
				CLANG_WARN_INFINITE_RECURSION = YES;
				CLANG_WARN_INT_CONVERSION = YES;
				CLANG_WARN_OBJC_ROOT_CLASS = YES_ERROR;
				CLANG_WARN_SUSPICIOUS_MOVES = YES;
				CLANG_WARN_UNREACHABLE_CODE = YES;
				CLANG_WARN__DUPLICATE_METHOD_MATCH = YES;
				"CODE_SIGN_IDENTITY[sdk=iphoneos*]" = "iPhone Developer";
				COPY_PHASE_STRIP = NO;
				DEBUG_INFORMATION_FORMAT = "dwarf-with-dsym";
				ENABLE_NS_ASSERTIONS = NO;
				ENABLE_STRICT_OBJC_MSGSEND = YES;
				GCC_C_LANGUAGE_STANDARD = gnu99;
				GCC_NO_COMMON_BLOCKS = YES;
				GCC_WARN_64_TO_32_BIT_CONVERSION = YES;
				GCC_WARN_ABOUT_RETURN_TYPE = YES_ERROR;
				GCC_WARN_UNDECLARED_SELECTOR = YES;
				GCC_WARN_UNINITIALIZED_AUTOS = YES_AGGRESSIVE;
				GCC_WARN_UNUSED_FUNCTION = YES;
				GCC_WARN_UNUSED_VARIABLE = YES;
				IPHONEOS_DEPLOYMENT_TARGET = 10.1;
				MTL_ENABLE_DEBUG_INFO = NO;
				SDKROOT = iphoneos;
				SWIFT_OPTIMIZATION_LEVEL = "-Owholemodule";
				TARGETED_DEVICE_FAMILY = "1,2";
				VALIDATE_PRODUCT = YES;
			};
			name = Release;
		};
		867D66A71DD8040E002CAADD /* Debug */ = {
			isa = XCBuildConfiguration;
			buildSettings = {
				ASSETCATALOG_COMPILER_APPICON_NAME = AppIcon;
				CLANG_ENABLE_MODULES = YES;
				CODE_SIGN_ENTITLEMENTS = Touch/Touch.entitlements;
				DEVELOPMENT_TEAM = 93DR883D7K;
				INFOPLIST_FILE = Touch/Info.plist;
				LD_RUNPATH_SEARCH_PATHS = "$(inherited) @executable_path/Frameworks";
				PRODUCT_BUNDLE_IDENTIFIER = com.giohome.Touch;
				PRODUCT_NAME = "$(TARGET_NAME)";
				SWIFT_OBJC_BRIDGING_HEADER = "Touch/Touch-Bridging-Header.h";
				SWIFT_OPTIMIZATION_LEVEL = "-Onone";
				SWIFT_VERSION = 3.0;
			};
			name = Debug;
		};
		867D66A81DD8040E002CAADD /* Release */ = {
			isa = XCBuildConfiguration;
			buildSettings = {
				ASSETCATALOG_COMPILER_APPICON_NAME = AppIcon;
				CLANG_ENABLE_MODULES = YES;
				CODE_SIGN_ENTITLEMENTS = Touch/Touch.entitlements;
				DEVELOPMENT_TEAM = 93DR883D7K;
				INFOPLIST_FILE = Touch/Info.plist;
				LD_RUNPATH_SEARCH_PATHS = "$(inherited) @executable_path/Frameworks";
				PRODUCT_BUNDLE_IDENTIFIER = com.giohome.Touch;
				PRODUCT_NAME = "$(TARGET_NAME)";
				SWIFT_OBJC_BRIDGING_HEADER = "Touch/Touch-Bridging-Header.h";
				SWIFT_VERSION = 3.0;
			};
			name = Release;
		};
		867D66AA1DD8040E002CAADD /* Debug */ = {
			isa = XCBuildConfiguration;
			buildSettings = {
				ALWAYS_EMBED_SWIFT_STANDARD_LIBRARIES = YES;
				BUNDLE_LOADER = "$(TEST_HOST)";
				DEVELOPMENT_TEAM = 93DR883D7K;
				INFOPLIST_FILE = TouchTests/Info.plist;
				LD_RUNPATH_SEARCH_PATHS = "$(inherited) @executable_path/Frameworks @loader_path/Frameworks";
				PRODUCT_BUNDLE_IDENTIFIER = com.giohome.TouchTests;
				PRODUCT_NAME = "$(TARGET_NAME)";
				SWIFT_VERSION = 3.0;
				TEST_HOST = "$(BUILT_PRODUCTS_DIR)/Touch.app/Touch";
			};
			name = Debug;
		};
		867D66AB1DD8040E002CAADD /* Release */ = {
			isa = XCBuildConfiguration;
			buildSettings = {
				ALWAYS_EMBED_SWIFT_STANDARD_LIBRARIES = YES;
				BUNDLE_LOADER = "$(TEST_HOST)";
				DEVELOPMENT_TEAM = 93DR883D7K;
				INFOPLIST_FILE = TouchTests/Info.plist;
				LD_RUNPATH_SEARCH_PATHS = "$(inherited) @executable_path/Frameworks @loader_path/Frameworks";
				PRODUCT_BUNDLE_IDENTIFIER = com.giohome.TouchTests;
				PRODUCT_NAME = "$(TARGET_NAME)";
				SWIFT_VERSION = 3.0;
				TEST_HOST = "$(BUILT_PRODUCTS_DIR)/Touch.app/Touch";
			};
			name = Release;
		};
/* End XCBuildConfiguration section */

/* Begin XCConfigurationList section */
		867D66811DD8040D002CAADD /* Build configuration list for PBXProject "Touch" */ = {
			isa = XCConfigurationList;
			buildConfigurations = (
				867D66A41DD8040E002CAADD /* Debug */,
				867D66A51DD8040E002CAADD /* Release */,
			);
			defaultConfigurationIsVisible = 0;
			defaultConfigurationName = Release;
		};
		867D66A61DD8040E002CAADD /* Build configuration list for PBXNativeTarget "Touch" */ = {
			isa = XCConfigurationList;
			buildConfigurations = (
				867D66A71DD8040E002CAADD /* Debug */,
				867D66A81DD8040E002CAADD /* Release */,
			);
			defaultConfigurationIsVisible = 0;
		};
		867D66A91DD8040E002CAADD /* Build configuration list for PBXNativeTarget "TouchTests" */ = {
			isa = XCConfigurationList;
			buildConfigurations = (
				867D66AA1DD8040E002CAADD /* Debug */,
				867D66AB1DD8040E002CAADD /* Release */,
			);
			defaultConfigurationIsVisible = 0;
		};
/* End XCConfigurationList section */

/* Begin XCVersionGroup section */
		867D66901DD8040E002CAADD /* Touch.xcdatamodeld */ = {
			isa = XCVersionGroup;
			children = (
				867D66911DD8040E002CAADD /* Touch.xcdatamodel */,
			);
			currentVersion = 867D66911DD8040E002CAADD /* Touch.xcdatamodel */;
			path = Touch.xcdatamodeld;
			sourceTree = "<group>";
			versionGroupType = wrapper.xcdatamodel;
		};
/* End XCVersionGroup section */
	};
	rootObject = 867D667E1DD8040D002CAADD /* Project object */;
}
